
Microsoft Visual Studio Solution File, Format Version 12.00
# Visual Studio 15
VisualStudioVersion = 15.0.28307.1525
MinimumVisualStudioVersion = 10.0.40219.1
Project("{9A19103F-16F7-4668-BE54-9A1E7A4F7556}") = "MechThrowverhaul", "MechThrowverhaul.csproj", "{2DADBF6E-5388-4469-9D24-A33FC35093C1}"
EndProject
Global
	GlobalSection(SolutionConfigurationPlatforms) = preSolution
		Debug|Any CPU = Debug|Any CPU
		Release|Any CPU = Release|Any CPU
	EndGlobalSection
	GlobalSection(ProjectConfigurationPlatforms) = postSolution
		{2DADBF6E-5388-4469-9D24-A33FC35093C1}.Debug|Any CPU.ActiveCfg = Debug|Any CPU
		{2DADBF6E-5388-4469-9D24-A33FC35093C1}.Debug|Any CPU.Build.0 = Debug|Any CPU
		{2DADBF6E-5388-4469-9D24-A33FC35093C1}.Release|Any CPU.ActiveCfg = Release|Any CPU
		{2DADBF6E-5388-4469-9D24-A33FC35093C1}.Release|Any CPU.Build.0 = Release|Any CPU
	EndGlobalSection
	GlobalSection(SolutionProperties) = preSolution
		HideSolutionNode = FALSE
	EndGlobalSection
	GlobalSection(ExtensibilityGlobals) = postSolution
		SolutionGuid = {C6B35934-A4F2-4B64-ACAE-43340215A7D3}
	EndGlobalSection
EndGlobal
